
Microsoft Visual Studio Solution File, Format Version 12.00
# Visual Studio Version 16
VisualStudioVersion = 16.0.29424.173
MinimumVisualStudioVersion = 10.0.40219.1
Project("{FAE04EC0-301F-11D3-BF4B-00C04F79EFBC}") = "ServiceBackend", "ServiceBackend.csproj", "{33232B83-2C80-4009-B748-11793465D556}"
EndProject
Project("{FAE04EC0-301F-11D3-BF4B-00C04F79EFBC}") = "Interface", "Interface\Interface.csproj", "{5D53A684-C6AE-4908-A2B6-3CF1811EC3B2}"
EndProject
Global
	GlobalSection(SolutionConfigurationPlatforms) = preSolution
		Debug|Any CPU = Debug|Any CPU
		Release|Any CPU = Release|Any CPU
	EndGlobalSection
	GlobalSection(ProjectConfigurationPlatforms) = postSolution
		{33232B83-2C80-4009-B748-11793465D556}.Debug|Any CPU.ActiveCfg = Debug|Any CPU
		{33232B83-2C80-4009-B748-11793465D556}.Debug|Any CPU.Build.0 = Debug|Any CPU
		{33232B83-2C80-4009-B748-11793465D556}.Release|Any CPU.ActiveCfg = Release|Any CPU
		{33232B83-2C80-4009-B748-11793465D556}.Release|Any CPU.Build.0 = Release|Any CPU
		{5D53A684-C6AE-4908-A2B6-3CF1811EC3B2}.Debug|Any CPU.ActiveCfg = Debug|Any CPU
		{5D53A684-C6AE-4908-A2B6-3CF1811EC3B2}.Debug|Any CPU.Build.0 = Debug|Any CPU
		{5D53A684-C6AE-4908-A2B6-3CF1811EC3B2}.Release|Any CPU.ActiveCfg = Release|Any CPU
		{5D53A684-C6AE-4908-A2B6-3CF1811EC3B2}.Release|Any CPU.Build.0 = Release|Any CPU
	EndGlobalSection
	GlobalSection(SolutionProperties) = preSolution
		HideSolutionNode = FALSE
	EndGlobalSection
	GlobalSection(ExtensibilityGlobals) = postSolution
		SolutionGuid = {5E617976-B7D7-45BC-A376-B66BCE0E3FC9}
	EndGlobalSection
EndGlobal
